
Microsoft Visual Studio Solution File, Format Version 12.00
# Visual Studio Version 16
VisualStudioVersion = 16.0.30413.136
MinimumVisualStudioVersion = 10.0.40219.1
Project("{FAE04EC0-301F-11D3-BF4B-00C04F79EFBC}") = "Kinozal", "Kinozal\Kinozal.csproj", "{EE639B46-B963-48CF-83DA-6CCE89935D73}"
EndProject
Global
	GlobalSection(SolutionConfigurationPlatforms) = preSolution
		Debug|Any CPU = Debug|Any CPU
		Release|Any CPU = Release|Any CPU
	EndGlobalSection
	GlobalSection(ProjectConfigurationPlatforms) = postSolution
		{EE639B46-B963-48CF-83DA-6CCE89935D73}.Debug|Any CPU.ActiveCfg = Debug|Any CPU
		{EE639B46-B963-48CF-83DA-6CCE89935D73}.Debug|Any CPU.Build.0 = Debug|Any CPU
		{EE639B46-B963-48CF-83DA-6CCE89935D73}.Release|Any CPU.ActiveCfg = Release|Any CPU
		{EE639B46-B963-48CF-83DA-6CCE89935D73}.Release|Any CPU.Build.0 = Release|Any CPU
	EndGlobalSection
	GlobalSection(SolutionProperties) = preSolution
		HideSolutionNode = FALSE
	EndGlobalSection
	GlobalSection(ExtensibilityGlobals) = postSolution
		SolutionGuid = {A1E6847F-D2D1-4775-9C34-426B564A709C}
	EndGlobalSection
EndGlobal
